
Microsoft Visual Studio Solution File, Format Version 12.00
# Visual Studio Version 16
VisualStudioVersion = 16.0.30523.141
MinimumVisualStudioVersion = 10.0.40219.1
Project("{8BC9CEB8-8B4A-11D0-8D11-00A0C91BC942}") = "Lab_1_5", "Lab_1_5\Lab_1_5.vcxproj", "{E19FA24C-726B-43CA-8020-CDFD6477320F}"
EndProject
Project("{8BC9CEB8-8B4A-11D0-8D11-00A0C91BC942}") = "UnitTest1", "UnitTest1\UnitTest1.vcxproj", "{70D9A141-5CC5-400C-B070-55B2A3E0FB79}"
EndProject
Global
	GlobalSection(SolutionConfigurationPlatforms) = preSolution
		Debug|x64 = Debug|x64
		Debug|x86 = Debug|x86
		Release|x64 = Release|x64
		Release|x86 = Release|x86
	EndGlobalSection
	GlobalSection(ProjectConfigurationPlatforms) = postSolution
		{E19FA24C-726B-43CA-8020-CDFD6477320F}.Debug|x64.ActiveCfg = Debug|x64
		{E19FA24C-726B-43CA-8020-CDFD6477320F}.Debug|x64.Build.0 = Debug|x64
		{E19FA24C-726B-43CA-8020-CDFD6477320F}.Debug|x86.ActiveCfg = Debug|Win32
		{E19FA24C-726B-43CA-8020-CDFD6477320F}.Debug|x86.Build.0 = Debug|Win32
		{E19FA24C-726B-43CA-8020-CDFD6477320F}.Release|x64.ActiveCfg = Release|x64
		{E19FA24C-726B-43CA-8020-CDFD6477320F}.Release|x64.Build.0 = Release|x64
		{E19FA24C-726B-43CA-8020-CDFD6477320F}.Release|x86.ActiveCfg = Release|Win32
		{E19FA24C-726B-43CA-8020-CDFD6477320F}.Release|x86.Build.0 = Release|Win32
		{70D9A141-5CC5-400C-B070-55B2A3E0FB79}.Debug|x64.ActiveCfg = Debug|x64
		{70D9A141-5CC5-400C-B070-55B2A3E0FB79}.Debug|x64.Build.0 = Debug|x64
		{70D9A141-5CC5-400C-B070-55B2A3E0FB79}.Debug|x86.ActiveCfg = Debug|Win32
		{70D9A141-5CC5-400C-B070-55B2A3E0FB79}.Debug|x86.Build.0 = Debug|Win32
		{70D9A141-5CC5-400C-B070-55B2A3E0FB79}.Release|x64.ActiveCfg = Release|x64
		{70D9A141-5CC5-400C-B070-55B2A3E0FB79}.Release|x64.Build.0 = Release|x64
		{70D9A141-5CC5-400C-B070-55B2A3E0FB79}.Release|x86.ActiveCfg = Release|Win32
		{70D9A141-5CC5-400C-B070-55B2A3E0FB79}.Release|x86.Build.0 = Release|Win32
	EndGlobalSection
	GlobalSection(SolutionProperties) = preSolution
		HideSolutionNode = FALSE
	EndGlobalSection
	GlobalSection(ExtensibilityGlobals) = postSolution
		SolutionGuid = {272D24D2-EC67-4C7A-BC15-9A326B9E7B1A}
	EndGlobalSection
EndGlobal
