
Microsoft Visual Studio Solution File, Format Version 12.00
# Visual Studio Version 16
VisualStudioVersion = 16.0.30523.141
MinimumVisualStudioVersion = 10.0.40219.1
Project("{8BC9CEB8-8B4A-11D0-8D11-00A0C91BC942}") = "Lab_1.3", "Lab_1.3\Lab_1.3.vcxproj", "{CFC37E3D-E621-49F2-87E4-78ADAEB66BA7}"
EndProject
Project("{8BC9CEB8-8B4A-11D0-8D11-00A0C91BC942}") = "UnitTest1", "UnitTest1\UnitTest1.vcxproj", "{C945D67C-B24D-40A2-846D-2DB0F5A90866}"
EndProject
Global
	GlobalSection(SolutionConfigurationPlatforms) = preSolution
		Debug|x64 = Debug|x64
		Debug|x86 = Debug|x86
		Release|x64 = Release|x64
		Release|x86 = Release|x86
	EndGlobalSection
	GlobalSection(ProjectConfigurationPlatforms) = postSolution
		{CFC37E3D-E621-49F2-87E4-78ADAEB66BA7}.Debug|x64.ActiveCfg = Debug|x64
		{CFC37E3D-E621-49F2-87E4-78ADAEB66BA7}.Debug|x64.Build.0 = Debug|x64
		{CFC37E3D-E621-49F2-87E4-78ADAEB66BA7}.Debug|x86.ActiveCfg = Debug|Win32
		{CFC37E3D-E621-49F2-87E4-78ADAEB66BA7}.Debug|x86.Build.0 = Debug|Win32
		{CFC37E3D-E621-49F2-87E4-78ADAEB66BA7}.Release|x64.ActiveCfg = Release|x64
		{CFC37E3D-E621-49F2-87E4-78ADAEB66BA7}.Release|x64.Build.0 = Release|x64
		{CFC37E3D-E621-49F2-87E4-78ADAEB66BA7}.Release|x86.ActiveCfg = Release|Win32
		{CFC37E3D-E621-49F2-87E4-78ADAEB66BA7}.Release|x86.Build.0 = Release|Win32
		{C945D67C-B24D-40A2-846D-2DB0F5A90866}.Debug|x64.ActiveCfg = Debug|x64
		{C945D67C-B24D-40A2-846D-2DB0F5A90866}.Debug|x64.Build.0 = Debug|x64
		{C945D67C-B24D-40A2-846D-2DB0F5A90866}.Debug|x86.ActiveCfg = Debug|Win32
		{C945D67C-B24D-40A2-846D-2DB0F5A90866}.Debug|x86.Build.0 = Debug|Win32
		{C945D67C-B24D-40A2-846D-2DB0F5A90866}.Release|x64.ActiveCfg = Release|x64
		{C945D67C-B24D-40A2-846D-2DB0F5A90866}.Release|x64.Build.0 = Release|x64
		{C945D67C-B24D-40A2-846D-2DB0F5A90866}.Release|x86.ActiveCfg = Release|Win32
		{C945D67C-B24D-40A2-846D-2DB0F5A90866}.Release|x86.Build.0 = Release|Win32
	EndGlobalSection
	GlobalSection(SolutionProperties) = preSolution
		HideSolutionNode = FALSE
	EndGlobalSection
	GlobalSection(ExtensibilityGlobals) = postSolution
		SolutionGuid = {971AFD4C-E190-47B9-BAEB-FB8055BB9881}
	EndGlobalSection
EndGlobal
